
Microsoft Visual Studio Solution File, Format Version 12.00
# Visual Studio Version 17
VisualStudioVersion = 17.3.32825.248
MinimumVisualStudioVersion = 10.0.40219.1
Project("{FAE04EC0-301F-11D3-BF4B-00C04F79EFBC}") = "Tarefa_05_07", "Tarefa_05_07.csproj", "{BAC999DB-1127-46FC-9C9F-E64057CA528B}"
EndProject
Global
	GlobalSection(SolutionConfigurationPlatforms) = preSolution
		Debug|Any CPU = Debug|Any CPU
		Release|Any CPU = Release|Any CPU
	EndGlobalSection
	GlobalSection(ProjectConfigurationPlatforms) = postSolution
		{BAC999DB-1127-46FC-9C9F-E64057CA528B}.Debug|Any CPU.ActiveCfg = Debug|Any CPU
		{BAC999DB-1127-46FC-9C9F-E64057CA528B}.Debug|Any CPU.Build.0 = Debug|Any CPU
		{BAC999DB-1127-46FC-9C9F-E64057CA528B}.Release|Any CPU.ActiveCfg = Release|Any CPU
		{BAC999DB-1127-46FC-9C9F-E64057CA528B}.Release|Any CPU.Build.0 = Release|Any CPU
	EndGlobalSection
	GlobalSection(SolutionProperties) = preSolution
		HideSolutionNode = FALSE
	EndGlobalSection
	GlobalSection(ExtensibilityGlobals) = postSolution
		SolutionGuid = {D1F32766-06C6-463A-B2EC-26B1820224F9}
	EndGlobalSection
EndGlobal
