
Microsoft Visual Studio Solution File, Format Version 12.00
# Visual Studio Version 17
VisualStudioVersion = 17.3.32825.248
MinimumVisualStudioVersion = 10.0.40219.1
Project("{FAE04EC0-301F-11D3-BF4B-00C04F79EFBC}") = "ExercicioArray", "ConsoleApp1\ExercicioArray.csproj", "{B286BD35-2F81-4BDA-969A-83A433D51C4C}"
EndProject
Global
	GlobalSection(SolutionConfigurationPlatforms) = preSolution
		Debug|Any CPU = Debug|Any CPU
		Release|Any CPU = Release|Any CPU
	EndGlobalSection
	GlobalSection(ProjectConfigurationPlatforms) = postSolution
		{B286BD35-2F81-4BDA-969A-83A433D51C4C}.Debug|Any CPU.ActiveCfg = Debug|Any CPU
		{B286BD35-2F81-4BDA-969A-83A433D51C4C}.Debug|Any CPU.Build.0 = Debug|Any CPU
		{B286BD35-2F81-4BDA-969A-83A433D51C4C}.Release|Any CPU.ActiveCfg = Release|Any CPU
		{B286BD35-2F81-4BDA-969A-83A433D51C4C}.Release|Any CPU.Build.0 = Release|Any CPU
	EndGlobalSection
	GlobalSection(SolutionProperties) = preSolution
		HideSolutionNode = FALSE
	EndGlobalSection
	GlobalSection(ExtensibilityGlobals) = postSolution
		SolutionGuid = {F7F1EF68-A7CF-42B1-BD01-6D0AFE9AF322}
	EndGlobalSection
EndGlobal
