
Microsoft Visual Studio Solution File, Format Version 12.00
# Visual Studio Version 17
VisualStudioVersion = 17.3.32825.248
MinimumVisualStudioVersion = 10.0.40219.1
Project("{FAE04EC0-301F-11D3-BF4B-00C04F79EFBC}") = "Tarefa_04_10", "Tarefa_04_10.csproj", "{65FA053A-3E74-4D68-B29A-CFE97A52F328}"
EndProject
Global
	GlobalSection(SolutionConfigurationPlatforms) = preSolution
		Debug|Any CPU = Debug|Any CPU
		Release|Any CPU = Release|Any CPU
	EndGlobalSection
	GlobalSection(ProjectConfigurationPlatforms) = postSolution
		{65FA053A-3E74-4D68-B29A-CFE97A52F328}.Debug|Any CPU.ActiveCfg = Debug|Any CPU
		{65FA053A-3E74-4D68-B29A-CFE97A52F328}.Debug|Any CPU.Build.0 = Debug|Any CPU
		{65FA053A-3E74-4D68-B29A-CFE97A52F328}.Release|Any CPU.ActiveCfg = Release|Any CPU
		{65FA053A-3E74-4D68-B29A-CFE97A52F328}.Release|Any CPU.Build.0 = Release|Any CPU
	EndGlobalSection
	GlobalSection(SolutionProperties) = preSolution
		HideSolutionNode = FALSE
	EndGlobalSection
	GlobalSection(ExtensibilityGlobals) = postSolution
		SolutionGuid = {A98B0909-2695-4EEB-AD7F-F70BF954A1A6}
	EndGlobalSection
EndGlobal
